#MicroXplorer Configuration settings - do not modify
Mcu.Family=STM32L4
STMicroelectronics.X-CUBE-AI.7.2.0.ModelHashList=1d5259b309e1be8f8762aa3bbdc2f1bad3ac405c4c3abbad506a0fcd0bc1b934
ProjectManager.MainLocation=Src
RCC.USART1Freq_Value=80000000
PA15\ (JTDI).GPIOParameters=GPIO_Label
RCC.SAI1Freq_Value=13714285.714285715
USART2.IPParameters=VirtualMode-Asynchronous
RCC.CortexFreq_Value=80000000
ProjectManager.KeepUserCode=true
Mcu.UserName=STM32L432KCUx
RCC.PLLCLKFreq_Value=32000000
STMicroelectronics.X-CUBE-AI.7.2.0.MaximumSizeOfInputLayer=1
RCC.PLLSAI1RoutputFreq_Value=48000000
STMicroelectronics.X-CUBE-AI.7.2.0.ModelNameList=network
PA0.GPIO_Label=MCO [High speed clock in]
ProjectManager.functionlistsort=1-MX_GPIO_Init-GPIO-false-HAL-true,2-SystemClock_Config-RCC-false-HAL-false,3-MX_CRC_Init-CRC-false-HAL-true,4-MX_TIM2_Init-TIM2-false-LL-true,5-MX_USART2_UART_Init-USART2-false-HAL-true,6-MX_X_CUBE_AI_Init-STMicroelectronics.X-CUBE-AI.7.2.0-false-HAL-false,7-MX_X_CUBE_AI_Process-STMicroelectronics.X-CUBE-AI.7.2.0-false-HAL-false
PA13\ (JTMS-SWDIO).Locked=true
RCC.RTCFreq_Value=32000
RCC.USART2Freq_Value=80000000
PA15\ (JTDI).Signal=USART2_RX
RCC.48CLKFreq_Value=24000000
PA2.GPIOParameters=GPIO_Label
PinOutPanel.RotationAngle=0
RCC.SYSCLKSource=RCC_SYSCLKSOURCE_PLLCLK
RCC.MCO1PinFreq_Value=80000000
ProjectManager.StackSize=0x1000
PA14\ (JTCK-SWCLK).Signal=SYS_JTCK-SWCLK
RCC.LPTIM1Freq_Value=80000000
RCC.I2C3Freq_Value=80000000
Mcu.IP4=TIM2
RCC.FCLKCortexFreq_Value=80000000
Mcu.IP5=USART2
NVIC.SVCall_IRQn=true\:0\:0\:false\:false\:true\:false\:false
Mcu.IP2=RCC
Mcu.IP3=SYS
Mcu.IP0=CRC
PA15\ (JTDI).Mode=Asynchronous
Mcu.IP1=NVIC
Mcu.UserConstants=
RCC.VCOSAI1OutputFreq_Value=96000000
PA14\ (JTCK-SWCLK).GPIOParameters=GPIO_Label
Mcu.ThirdPartyNb=1
RCC.HCLKFreq_Value=80000000
STMicroelectronics.X-CUBE-AI.7.2.0.LatestDirectoryUsed-1d5259b309e1be8f8762aa3bbdc2f1bad3ac405c4c3abbad506a0fcd0bc1b934=D\:\\Desktop
Mcu.IPNb=6
TIM2.IPParameters=Prescaler,Period,AutoReloadPreload
ProjectManager.PreviousToolchain=
RCC.APB2TimFreq_Value=80000000
Mcu.Pin6=PA15 (JTDI)
VP_STMicroelectronics.X-CUBE-AI_VS_ArtificialOoIntelligenceJjXAaCUBEAaAI_7.2.0.Signal=STMicroelectronics.X-CUBE-AI_VS_ArtificialOoIntelligenceJjXAaCUBEAaAI_7.2.0
VP_TIM2_VS_ClockSourceINT.Signal=TIM2_VS_ClockSourceINT
Mcu.Pin7=VP_CRC_VS_CRC
Mcu.Pin8=VP_SYS_VS_Systick
Mcu.Pin9=VP_TIM2_VS_ClockSourceINT
RCC.AHBFreq_Value=80000000
Mcu.Pin0=PC14-OSC32_IN (PC14)
Mcu.Pin1=PC15-OSC32_OUT (PC15)
Mcu.Pin2=PA0
Mcu.Pin3=PA2
RCC.USART3Freq_Value=16000000
Mcu.Pin4=PA13 (JTMS-SWDIO)
STMicroelectronics.X-CUBE-AI.7.2.0.HeapSize=0x800
Mcu.Pin5=PA14 (JTCK-SWCLK)
ProjectManager.ProjectBuild=false
RCC.HSE_VALUE=8000000
NVIC.UsageFault_IRQn=true\:0\:0\:false\:false\:true\:false\:false
NVIC.DebugMonitor_IRQn=true\:0\:0\:false\:false\:true\:false\:false
PA0.Locked=true
STMicroelectronics.X-CUBE-AI.7.2.0_SwParameter=ApplicationCcDeviceJjApplication\:ApplicationTemplate;XAaCUBEAaAICcArtificialOoIntelligenceJjCore\:true;
USART2.VirtualMode-Asynchronous=VM_ASYNC
NVIC.SysTick_IRQn=true\:0\:0\:true\:false\:true\:true\:true
RCC.PLLMUL=RCC_PLLMUL_4
ProjectManager.FirmwarePackage=STM32Cube FW_L4 V1.16.0
MxDb.Version=DB.6.0.10
Mcu.ThirdParty0=STMicroelectronics.X-CUBE-AI.7.2.0
ProjectManager.BackupPrevious=false
RCC.VCOInputFreq_Value=4000000
STMicroelectronics.X-CUBE-AI.7.2.0.StackSize=0x1000
NVIC.TIM2_IRQn=true\:0\:0\:false\:false\:true\:true\:true
File.Version=6
STMicroelectronics.X-CUBE-AI.7.2.0.ModelMacc-1d5259b309e1be8f8762aa3bbdc2f1bad3ac405c4c3abbad506a0fcd0bc1b934=57248
STMicroelectronics.X-CUBE-AI.7.2.0.ArtificialOoIntelligenceJjXAaCUBEAaAI_Checked=true
STMicroelectronics.X-CUBE-AI.7.2.0.ActivationBufferSizeList=10116
RCC.PLLRCLKFreq_Value=80000000
NVIC.PendSV_IRQn=true\:0\:0\:false\:false\:true\:false\:false
STMicroelectronics.X-CUBE-AI.7.2.0.ActivationNames=pool0
ProjectManager.HalAssertFull=false
ProjectManager.ProjectName=Beta_v3
PA0.Signal=RCC_CK_IN
STMicroelectronics.X-CUBE-AI.7.2.0.ModelCompression-1d5259b309e1be8f8762aa3bbdc2f1bad3ac405c4c3abbad506a0fcd0bc1b934=Medium
STMicroelectronics.X-CUBE-AI.7.2.0.InternalRamActivationBufferMaxSize=AI_NETWORK_DATA_ACTIVATIONS_SIZE
STMicroelectronics.X-CUBE-AI.7.2.0.MaximumNumberOfInputLayer=1
Mcu.Package=UFQFPN32
STMicroelectronics.X-CUBE-AI.7.2.0.ActivationSizes=AI_NETWORK_DATA_ACTIVATION_1_SIZE
TIM2.Prescaler=9
STMicroelectronics.X-CUBE-AI.7.2.0.ModelActualCompression-1d5259b309e1be8f8762aa3bbdc2f1bad3ac405c4c3abbad506a0fcd0bc1b934=5.49
ProjectManager.ToolChainLocation=
PA2.GPIO_Label=VCP_TX
RCC.LSI_VALUE=32000
VP_SYS_VS_Systick.Signal=SYS_VS_Systick
RCC.LSCOPinFreq_Value=32000
STMicroelectronics.X-CUBE-AI.7.2.0.IPParameters=XAaCUBEAaAICcArtificialOoIntelligenceJjCore,ApplicationCcDeviceJjApplication,HeapSize,StackSize,ModelName-1d5259b309e1be8f8762aa3bbdc2f1bad3ac405c4c3abbad506a0fcd0bc1b934,ModelType-1d5259b309e1be8f8762aa3bbdc2f1bad3ac405c4c3abbad506a0fcd0bc1b934,ModelKind-1d5259b309e1be8f8762aa3bbdc2f1bad3ac405c4c3abbad506a0fcd0bc1b934,ModelCompression-1d5259b309e1be8f8762aa3bbdc2f1bad3ac405c4c3abbad506a0fcd0bc1b934,ModelHashList,ModelNameList,WorkingBufferStartAddrList,LatestDirectoryUsed-1d5259b309e1be8f8762aa3bbdc2f1bad3ac405c4c3abbad506a0fcd0bc1b934,ModelStructureFile-1d5259b309e1be8f8762aa3bbdc2f1bad3ac405c4c3abbad506a0fcd0bc1b934,ModelMacc-1d5259b309e1be8f8762aa3bbdc2f1bad3ac405c4c3abbad506a0fcd0bc1b934,ModelActualCompression-1d5259b309e1be8f8762aa3bbdc2f1bad3ac405c4c3abbad506a0fcd0bc1b934,ModelRamOccupation-1d5259b309e1be8f8762aa3bbdc2f1bad3ac405c4c3abbad506a0fcd0bc1b934,ModelFlashOccupation-1d5259b309e1be8f8762aa3bbdc2f1bad3ac405c4c3abbad506a0fcd0bc1b934,ActivationBuffers,ActivationSizes,ActivationNames,InternalRamActivationBufferMaxSize,ActivationBufferSizeList,MaximumNumberOfInputLayer,MaximumNumberOfOutputLayer,MaximumSizeOfInputLayer,MaximumSizeOfOutputLayer,ReadyForCodeGeneration
PC14-OSC32_IN\ (PC14).Locked=true
RCC.PLLPoutputFreq_Value=22857142.85714286
RCC.APB1TimFreq_Value=80000000
NVIC.BusFault_IRQn=true\:0\:0\:false\:false\:true\:false\:false
RCC.LPUART1Freq_Value=80000000
PA13\ (JTMS-SWDIO).Signal=SYS_JTMS-SWDIO
STMicroelectronics.X-CUBE-AI.7.2.0.MaximumNumberOfOutputLayer=1
STMicroelectronics.X-CUBE-AI.7.2.0.ModelKind-1d5259b309e1be8f8762aa3bbdc2f1bad3ac405c4c3abbad506a0fcd0bc1b934=ONNX
PA13\ (JTMS-SWDIO).GPIOParameters=GPIO_Label
ProjectManager.CustomerFirmwarePackage=
RCC.LPTIMFreq_Value=32000000
RCC.HSI48_VALUE=48000000
RCC.PLLSAI1N=24
STMicroelectronics.X-CUBE-AI.7.2.0.ApplicationCcDeviceJjApplication=ApplicationTemplate
RCC.TIMFreq_Value=32000000
PA2.Locked=true
RCC.MSI_VALUE=4000000
STMicroelectronics.X-CUBE-AI.7.2.0.ModelRamOccupation-1d5259b309e1be8f8762aa3bbdc2f1bad3ac405c4c3abbad506a0fcd0bc1b934=10116
RCC.PLLQoutputFreq_Value=80000000
ProjectManager.ProjectFileName=Beta_v3.ioc
Mcu.PinsNb=12
ProjectManager.NoMain=false
STMicroelectronics.X-CUBE-AI.7.2.0.MaximumSizeOfOutputLayer=1
RCC.LPUARTFreq_Value=32000000
RCC.SWPMI1Freq_Value=80000000
ProjectManager.DefaultFWLocation=true
PC15-OSC32_OUT\ (PC15).Signal=RCC_OSC32_OUT
STMicroelectronics.X-CUBE-AI.7.2.0.WorkingBufferStartAddrList=0xFFFFFFFF
VP_STMicroelectronics.X-CUBE-AI_VS_DeviceJjApplication_7.2.0.Mode=DeviceJjApplication
PA14\ (JTCK-SWCLK).GPIO_Label=SWCLK
ProjectManager.DeletePrevious=true
RCC.TimerFreq_Value=32000000
boardIOC=true
VP_STMicroelectronics.X-CUBE-AI_VS_DeviceJjApplication_7.2.0.Signal=STMicroelectronics.X-CUBE-AI_VS_DeviceJjApplication_7.2.0
RCC.FamilyName=M
RCC.WatchDogFreq_Value=32000
RCC.HSI16_VALUE=16000000
VP_STMicroelectronics.X-CUBE-AI_VS_ArtificialOoIntelligenceJjXAaCUBEAaAI_7.2.0.Mode=ArtificialOoIntelligenceJjXAaCUBEAaAI
ProjectManager.TargetToolchain=MDK-ARM V5.27
STMicroelectronics.X-CUBE-AI.7.2.0.ModelType-1d5259b309e1be8f8762aa3bbdc2f1bad3ac405c4c3abbad506a0fcd0bc1b934=Saved model
VP_CRC_VS_CRC.Signal=CRC_VS_CRC
ProjectManager.RegisterCallBack=
PC15-OSC32_OUT\ (PC15).Locked=true
RCC.USBFreq_Value=48000000
RCC.LSE_VALUE=32768
RCC.PLLSAI1PoutputFreq_Value=13714285.714285715
RCC.MCOPinFreq_Value=32000000
board=NUCLEO-L432KC
RCC.VCOOutputFreq_Value=160000000
ProjectManager.LastFirmware=true
RCC.APB2Freq_Value=80000000
MxCube.Version=6.1.1
PA13\ (JTMS-SWDIO).GPIO_Label=SWDIO
VP_TIM2_VS_ClockSourceINT.Mode=Internal
RCC.I2C1Freq_Value=80000000
RCC.LCDFreq_Value=37000
RCC.RNGFreq_Value=48000000
RCC.PLLSAI1QoutputFreq_Value=48000000
RCC.ADCFreq_Value=48000000
STMicroelectronics.X-CUBE-AI.7.2.0.XAaCUBEAaAICcArtificialOoIntelligenceJjCore=true
VP_SYS_VS_Systick.Mode=SysTick
STMicroelectronics.X-CUBE-AI.7.2.0.ModelStructureFile-1d5259b309e1be8f8762aa3bbdc2f1bad3ac405c4c3abbad506a0fcd0bc1b934=/D\:/Desktop/candidate6_model.onnx
NVIC.NonMaskableInt_IRQn=true\:0\:0\:false\:false\:true\:false\:false
TIM2.Period=5000
ProjectManager.FreePins=false
PA15\ (JTDI).GPIO_Label=VCP_RX
RCC.IPParameters=48CLKFreq_Value,ADCFreq_Value,AHBFreq_Value,APB1Freq_Value,APB1TimFreq_Value,APB2Freq_Value,APB2TimFreq_Value,CortexFreq_Value,FCLKCortexFreq_Value,FamilyName,HCLKFreq_Value,HSE_VALUE,HSI16_VALUE,HSI48_VALUE,HSI_VALUE,I2C1Freq_Value,I2C2Freq_Value,I2C3Freq_Value,LCDFreq_Value,LPTIM1Freq_Value,LPTIM2Freq_Value,LPTIMFreq_Value,LPUART1Freq_Value,LPUARTFreq_Value,LSCOPinFreq_Value,LSE_VALUE,LSI_VALUE,MCO1PinFreq_Value,MCOPinFreq_Value,MSI_VALUE,PLLCLKFreq_Value,PLLMUL,PLLN,PLLPoutputFreq_Value,PLLQoutputFreq_Value,PLLR,PLLRCLKFreq_Value,PLLSAI1N,PLLSAI1PoutputFreq_Value,PLLSAI1QoutputFreq_Value,PLLSAI1RoutputFreq_Value,PWRFreq_Value,RNGFreq_Value,RTCFreq_Value,RTCHSEDivFreq_Value,SAI1Freq_Value,SWPMI1Freq_Value,SYSCLKFreq_VALUE,SYSCLKSource,TIMFreq_Value,TimerFreq_Value,USART1Freq_Value,USART2Freq_Value,USART3Freq_Value,USBFreq_Value,VCOInputFreq_Value,VCOOutputFreq_Value,VCOSAI1OutputFreq_Value,WatchDogFreq_Value
ProjectManager.AskForMigrate=true
Mcu.Name=STM32L432K(B-C)Ux
RCC.LPTIM2Freq_Value=80000000
RCC.RTCHSEDivFreq_Value=4000000
PA2.Signal=USART2_TX
ProjectManager.UnderRoot=false
STMicroelectronics.X-CUBE-AI.7.2.0.ActivationBuffers=pool0
ProjectManager.CoupleFile=true
RCC.SYSCLKFreq_VALUE=80000000
PA14\ (JTCK-SWCLK).Locked=true
NVIC.ForceEnableDMAVector=true
KeepUserPlacement=false
PC14-OSC32_IN\ (PC14).Signal=RCC_OSC32_IN
NVIC.MemoryManagement_IRQn=true\:0\:0\:false\:false\:true\:false\:false
ProjectManager.CompilerOptimize=6
ProjectManager.HeapSize=0x800
PA0.GPIOParameters=GPIO_Label
NVIC.HardFault_IRQn=true\:0\:0\:false\:false\:true\:false\:false
ProjectManager.ComputerToolchain=false
RCC.HSI_VALUE=16000000
NVIC.PriorityGroup=NVIC_PRIORITYGROUP_4
RCC.PLLR=2
Mcu.Pin11=VP_STMicroelectronics.X-CUBE-AI_VS_DeviceJjApplication_7.2.0
RCC.PLLN=40
Mcu.Pin10=VP_STMicroelectronics.X-CUBE-AI_VS_ArtificialOoIntelligenceJjXAaCUBEAaAI_7.2.0
PA2.Mode=Asynchronous
TIM2.AutoReloadPreload=TIM_AUTORELOAD_PRELOAD_ENABLE
RCC.PWRFreq_Value=80000000
STMicroelectronics.X-CUBE-AI.7.2.0.ReadyForCodeGeneration=true
STMicroelectronics.X-CUBE-AI.7.2.0.ModelName-1d5259b309e1be8f8762aa3bbdc2f1bad3ac405c4c3abbad506a0fcd0bc1b934=network
STMicroelectronics.X-CUBE-AI.7.2.0.ModelFlashOccupation-1d5259b309e1be8f8762aa3bbdc2f1bad3ac405c4c3abbad506a0fcd0bc1b934=18364
PA15\ (JTDI).Locked=true
RCC.I2C2Freq_Value=16000000
RCC.APB1Freq_Value=80000000
VP_CRC_VS_CRC.Mode=CRC_Activate
STMicroelectronics.X-CUBE-AI.7.2.0.DeviceJjApplication_Checked=true
ProjectManager.DeviceId=STM32L432KCUx
ProjectManager.LibraryCopy=0
